
Microsoft Visual Studio Solution File, Format Version 12.00
# Visual Studio Version 17
VisualStudioVersion = 17.11.35222.181
MinimumVisualStudioVersion = 10.0.40219.1
Project("{FAE04EC0-301F-11D3-BF4B-00C04F79EFBC}") = "MongoDBImplementation", "MongoDBImplementation\MongoDBImplementation.csproj", "{6AFE3D4C-BB00-4819-9C98-85CBB7CCD07D}"
EndProject
Global
	GlobalSection(SolutionConfigurationPlatforms) = preSolution
		Debug|Any CPU = Debug|Any CPU
		Release|Any CPU = Release|Any CPU
	EndGlobalSection
	GlobalSection(ProjectConfigurationPlatforms) = postSolution
		{6AFE3D4C-BB00-4819-9C98-85CBB7CCD07D}.Debug|Any CPU.ActiveCfg = Debug|Any CPU
		{6AFE3D4C-BB00-4819-9C98-85CBB7CCD07D}.Debug|Any CPU.Build.0 = Debug|Any CPU
		{6AFE3D4C-BB00-4819-9C98-85CBB7CCD07D}.Release|Any CPU.ActiveCfg = Release|Any CPU
		{6AFE3D4C-BB00-4819-9C98-85CBB7CCD07D}.Release|Any CPU.Build.0 = Release|Any CPU
	EndGlobalSection
	GlobalSection(SolutionProperties) = preSolution
		HideSolutionNode = FALSE
	EndGlobalSection
	GlobalSection(ExtensibilityGlobals) = postSolution
		SolutionGuid = {D71B22E1-646C-4D09-9CF0-D9F185A3F1BC}
	EndGlobalSection
EndGlobal
